
Microsoft Visual Studio Solution File, Format Version 12.00
# Visual Studio Version 16
VisualStudioVersion = 16.0.30523.141
MinimumVisualStudioVersion = 10.0.40219.1
Project("{FAE04EC0-301F-11D3-BF4B-00C04F79EFBC}") = "Kalkulacka.Android", "Kalkulacka\Kalkulacka.Android\Kalkulacka.Android.csproj", "{81F0507C-5AC3-436D-991B-3E9677ADD7E3}"
EndProject
Project("{FAE04EC0-301F-11D3-BF4B-00C04F79EFBC}") = "Kalkulacka", "Kalkulacka\Kalkulacka\Kalkulacka.csproj", "{B3B39D07-2AD8-482C-B520-AB2782A39665}"
EndProject
Global
	GlobalSection(SolutionConfigurationPlatforms) = preSolution
		Debug|Any CPU = Debug|Any CPU
		Release|Any CPU = Release|Any CPU
	EndGlobalSection
	GlobalSection(ProjectConfigurationPlatforms) = postSolution
		{81F0507C-5AC3-436D-991B-3E9677ADD7E3}.Debug|Any CPU.ActiveCfg = Debug|Any CPU
		{81F0507C-5AC3-436D-991B-3E9677ADD7E3}.Debug|Any CPU.Build.0 = Debug|Any CPU
		{81F0507C-5AC3-436D-991B-3E9677ADD7E3}.Debug|Any CPU.Deploy.0 = Debug|Any CPU
		{81F0507C-5AC3-436D-991B-3E9677ADD7E3}.Release|Any CPU.ActiveCfg = Release|Any CPU
		{81F0507C-5AC3-436D-991B-3E9677ADD7E3}.Release|Any CPU.Build.0 = Release|Any CPU
		{81F0507C-5AC3-436D-991B-3E9677ADD7E3}.Release|Any CPU.Deploy.0 = Release|Any CPU
		{B3B39D07-2AD8-482C-B520-AB2782A39665}.Debug|Any CPU.ActiveCfg = Debug|Any CPU
		{B3B39D07-2AD8-482C-B520-AB2782A39665}.Debug|Any CPU.Build.0 = Debug|Any CPU
		{B3B39D07-2AD8-482C-B520-AB2782A39665}.Debug|Any CPU.Deploy.0 = Debug|Any CPU
		{B3B39D07-2AD8-482C-B520-AB2782A39665}.Release|Any CPU.ActiveCfg = Release|Any CPU
		{B3B39D07-2AD8-482C-B520-AB2782A39665}.Release|Any CPU.Build.0 = Release|Any CPU
		{B3B39D07-2AD8-482C-B520-AB2782A39665}.Release|Any CPU.Deploy.0 = Release|Any CPU
	EndGlobalSection
	GlobalSection(SolutionProperties) = preSolution
		HideSolutionNode = FALSE
	EndGlobalSection
	GlobalSection(ExtensibilityGlobals) = postSolution
		SolutionGuid = {F70055C0-A397-4C41-BF9D-D7E49DA3BCA0}
	EndGlobalSection
EndGlobal
